
Microsoft Visual Studio Solution File, Format Version 12.00
# Visual Studio Version 17
VisualStudioVersion = 17.5.33627.172
MinimumVisualStudioVersion = 10.0.40219.1
Project("{FAE04EC0-301F-11D3-BF4B-00C04F79EFBC}") = "Library2305", "Library2305.csproj", "{BA5EE82B-C7E9-46CA-AE25-3C44CF13773B}"
EndProject
Global
	GlobalSection(SolutionConfigurationPlatforms) = preSolution
		Debug|Any CPU = Debug|Any CPU
		Release|Any CPU = Release|Any CPU
	EndGlobalSection
	GlobalSection(ProjectConfigurationPlatforms) = postSolution
		{BA5EE82B-C7E9-46CA-AE25-3C44CF13773B}.Debug|Any CPU.ActiveCfg = Debug|Any CPU
		{BA5EE82B-C7E9-46CA-AE25-3C44CF13773B}.Debug|Any CPU.Build.0 = Debug|Any CPU
		{BA5EE82B-C7E9-46CA-AE25-3C44CF13773B}.Release|Any CPU.ActiveCfg = Release|Any CPU
		{BA5EE82B-C7E9-46CA-AE25-3C44CF13773B}.Release|Any CPU.Build.0 = Release|Any CPU
	EndGlobalSection
	GlobalSection(SolutionProperties) = preSolution
		HideSolutionNode = FALSE
	EndGlobalSection
	GlobalSection(ExtensibilityGlobals) = postSolution
		SolutionGuid = {CEA3E639-18CA-4615-9BAB-D14FDE766814}
	EndGlobalSection
EndGlobal
